// !$*UTF8*$!
{
	archiveVersion = 1;
	classes = {
	};
	objectVersion = 77;
	objects = {

/* Begin PBXBuildFile section */
		83F8E980303E43220044BD95 /* BurthenIcon.icon in Resources */ = {isa = PBXBuildFile; fileRef = 83F8E97F303E43220044BD95 /* BurthenIcon.icon */; };
		83F8E981303E43220044BD95 /* BurthenIcon.icon in Resources */ = {isa = PBXBuildFile; fileRef = 83F8E97F303E43220044BD95 /* BurthenIcon.icon */; };
		A100000130155EBB003E2C6E /* BurthenWidgets.appex in Embed Foundation Extensions */ = {isa = PBXBuildFile; fileRef = A100000330155EBB003E2C6E /* BurthenWidgets.appex */; settings = {ATTRIBUTES = (CodeSignOnCopy, RemoveHeadersOnCopy, ); }; };
		A200000130155EBB003E2C6E /* Burthen/DesignSystem/LayoutMetrics.swift in Sources */ = {isa = PBXBuildFile; fileRef = A200000230155EBB003E2C6E /* Burthen/DesignSystem/LayoutMetrics.swift */; };
/* End PBXBuildFile section */

/* Begin PBXContainerItemProxy section */
		83013A6430155EBD003E2C6E /* PBXContainerItemProxy */ = {
			isa = PBXContainerItemProxy;
			containerPortal = 83013A4C30155EBB003E2C6E /* Project object */;
			proxyType = 1;
			remoteGlobalIDString = 83013A5330155EBB003E2C6E;
			remoteInfo = Burthen;
		};
		83013A6E30155EBD003E2C6E /* PBXContainerItemProxy */ = {
			isa = PBXContainerItemProxy;
			containerPortal = 83013A4C30155EBB003E2C6E /* Project object */;
			proxyType = 1;
			remoteGlobalIDString = 83013A5330155EBB003E2C6E;
			remoteInfo = Burthen;
		};
		A100000230155EBB003E2C6E /* PBXContainerItemProxy */ = {
			isa = PBXContainerItemProxy;
			containerPortal = 83013A4C30155EBB003E2C6E /* Project object */;
			proxyType = 1;
			remoteGlobalIDString = A100000730155EBB003E2C6E;
			remoteInfo = BurthenWidgets;
		};
/* End PBXContainerItemProxy section */

/* Begin PBXCopyFilesBuildPhase section */
		A100000B30155EBB003E2C6E /* Embed Foundation Extensions */ = {
			isa = PBXCopyFilesBuildPhase;
			buildActionMask = 2147483647;
			dstPath = "";
			dstSubfolderSpec = 13;
			files = (
				A100000130155EBB003E2C6E /* BurthenWidgets.appex in Embed Foundation Extensions */,
			);
			name = "Embed Foundation Extensions";
			runOnlyForDeploymentPostprocessing = 0;
		};
/* End PBXCopyFilesBuildPhase section */

/* Begin PBXFileReference section */
		83013A5430155EBB003E2C6E /* Burthen.app */ = {isa = PBXFileReference; explicitFileType = wrapper.application; includeInIndex = 0; path = Burthen.app; sourceTree = BUILT_PRODUCTS_DIR; };
		83013A6330155EBD003E2C6E /* BurthenTests.xctest */ = {isa = PBXFileReference; explicitFileType = wrapper.cfbundle; includeInIndex = 0; path = BurthenTests.xctest; sourceTree = BUILT_PRODUCTS_DIR; };
		83013A6D30155EBD003E2C6E /* BurthenUITests.xctest */ = {isa = PBXFileReference; explicitFileType = wrapper.cfbundle; includeInIndex = 0; path = BurthenUITests.xctest; sourceTree = BUILT_PRODUCTS_DIR; };
		83F8E97F303E43220044BD95 /* BurthenIcon.icon */ = {isa = PBXFileReference; lastKnownFileType = folder.iconcomposer.icon; path = BurthenIcon.icon; sourceTree = "<group>"; };
		A100000330155EBB003E2C6E /* BurthenWidgets.appex */ = {isa = PBXFileReference; explicitFileType = "wrapper.app-extension"; includeInIndex = 0; path = BurthenWidgets.appex; sourceTree = BUILT_PRODUCTS_DIR; };
		A200000230155EBB003E2C6E /* Burthen/DesignSystem/LayoutMetrics.swift */ = {isa = PBXFileReference; lastKnownFileType = sourcecode.swift; path = Burthen/DesignSystem/LayoutMetrics.swift; sourceTree = SOURCE_ROOT; };
/* End PBXFileReference section */

/* Begin PBXFileSystemSynchronizedRootGroup section */
		83013A5630155EBB003E2C6E /* Burthen */ = {
			isa = PBXFileSystemSynchronizedRootGroup;
			path = Burthen;
			sourceTree = "<group>";
		};
		83013A6630155EBD003E2C6E /* BurthenTests */ = {
			isa = PBXFileSystemSynchronizedRootGroup;
			path = BurthenTests;
			sourceTree = "<group>";
		};
		83013A7030155EBD003E2C6E /* BurthenUITests */ = {
			isa = PBXFileSystemSynchronizedRootGroup;
			path = BurthenUITests;
			sourceTree = "<group>";
		};
		A100000430155EBB003E2C6E /* BurthenActivityShared */ = {
			isa = PBXFileSystemSynchronizedRootGroup;
			path = BurthenActivityShared;
			sourceTree = "<group>";
		};
		A100000530155EBB003E2C6E /* BurthenWidgets */ = {
			isa = PBXFileSystemSynchronizedRootGroup;
			path = BurthenWidgets;
			sourceTree = "<group>";
		};
/* End PBXFileSystemSynchronizedRootGroup section */

/* Begin PBXFrameworksBuildPhase section */
		83013A5130155EBB003E2C6E /* Frameworks */ = {
			isa = PBXFrameworksBuildPhase;
			buildActionMask = 2147483647;
			files = (
			);
			runOnlyForDeploymentPostprocessing = 0;
		};
		83013A6030155EBD003E2C6E /* Frameworks */ = {
			isa = PBXFrameworksBuildPhase;
			buildActionMask = 2147483647;
			files = (
			);
			runOnlyForDeploymentPostprocessing = 0;
		};
		83013A6A30155EBD003E2C6E /* Frameworks */ = {
			isa = PBXFrameworksBuildPhase;
			buildActionMask = 2147483647;
			files = (
			);
			runOnlyForDeploymentPostprocessing = 0;
		};
		A100000630155EBB003E2C6E /* Frameworks */ = {
			isa = PBXFrameworksBuildPhase;
			buildActionMask = 2147483647;
			files = (
			);
			runOnlyForDeploymentPostprocessing = 0;
		};
/* End PBXFrameworksBuildPhase section */

/* Begin PBXGroup section */
		83013A4B30155EBB003E2C6E = {
			isa = PBXGroup;
			children = (
				83013A5630155EBB003E2C6E /* Burthen */,
				A100000530155EBB003E2C6E /* BurthenWidgets */,
				A100000430155EBB003E2C6E /* BurthenActivityShared */,
				83013A6630155EBD003E2C6E /* BurthenTests */,
				83013A7030155EBD003E2C6E /* BurthenUITests */,
				83013A5530155EBB003E2C6E /* Products */,
				83F8E97F303E43220044BD95 /* BurthenIcon.icon */,
				A200000230155EBB003E2C6E /* Burthen/DesignSystem/LayoutMetrics.swift */,
			);
			sourceTree = "<group>";
		};
		83013A5530155EBB003E2C6E /* Products */ = {
			isa = PBXGroup;
			children = (
				83013A5430155EBB003E2C6E /* Burthen.app */,
				A100000330155EBB003E2C6E /* BurthenWidgets.appex */,
				83013A6330155EBD003E2C6E /* BurthenTests.xctest */,
				83013A6D30155EBD003E2C6E /* BurthenUITests.xctest */,
			);
			name = Products;
			sourceTree = "<group>";
		};
/* End PBXGroup section */

/* Begin PBXNativeTarget section */
		83013A5330155EBB003E2C6E /* Burthen */ = {
			isa = PBXNativeTarget;
			buildConfigurationList = 83013A7730155EBD003E2C6E /* Build configuration list for PBXNativeTarget "Burthen" */;
			buildPhases = (
				83013A5030155EBB003E2C6E /* Sources */,
				83013A5130155EBB003E2C6E /* Frameworks */,
				83013A5230155EBB003E2C6E /* Resources */,
				A100000B30155EBB003E2C6E /* Embed Foundation Extensions */,
			);
			buildRules = (
			);
			dependencies = (
				A100000A30155EBB003E2C6E /* PBXTargetDependency */,
			);
			fileSystemSynchronizedGroups = (
				83013A5630155EBB003E2C6E /* Burthen */,
				A100000430155EBB003E2C6E /* BurthenActivityShared */,
			);
			name = Burthen;
			packageProductDependencies = (
			);
			productName = Burthen;
			productReference = 83013A5430155EBB003E2C6E /* Burthen.app */;
			productType = "com.apple.product-type.application";
		};
		83013A6230155EBD003E2C6E /* BurthenTests */ = {
			isa = PBXNativeTarget;
			buildConfigurationList = 83013A7A30155EBD003E2C6E /* Build configuration list for PBXNativeTarget "BurthenTests" */;
			buildPhases = (
				83013A5F30155EBD003E2C6E /* Sources */,
				83013A6030155EBD003E2C6E /* Frameworks */,
				83013A6130155EBD003E2C6E /* Resources */,
			);
			buildRules = (
			);
			dependencies = (
				83013A6530155EBD003E2C6E /* PBXTargetDependency */,
			);
			fileSystemSynchronizedGroups = (
				83013A6630155EBD003E2C6E /* BurthenTests */,
			);
			name = BurthenTests;
			packageProductDependencies = (
			);
			productName = BurthenTests;
			productReference = 83013A6330155EBD003E2C6E /* BurthenTests.xctest */;
			productType = "com.apple.product-type.bundle.unit-test";
		};
		83013A6C30155EBD003E2C6E /* BurthenUITests */ = {
			isa = PBXNativeTarget;
			buildConfigurationList = 83013A7D30155EBD003E2C6E /* Build configuration list for PBXNativeTarget "BurthenUITests" */;
			buildPhases = (
				83013A6930155EBD003E2C6E /* Sources */,
				83013A6A30155EBD003E2C6E /* Frameworks */,
				83013A6B30155EBD003E2C6E /* Resources */,
			);
			buildRules = (
			);
			dependencies = (
				83013A6F30155EBD003E2C6E /* PBXTargetDependency */,
			);
			fileSystemSynchronizedGroups = (
				83013A7030155EBD003E2C6E /* BurthenUITests */,
			);
			name = BurthenUITests;
			packageProductDependencies = (
			);
			productName = BurthenUITests;
			productReference = 83013A6D30155EBD003E2C6E /* BurthenUITests.xctest */;
			productType = "com.apple.product-type.bundle.ui-testing";
		};
		A100000730155EBB003E2C6E /* BurthenWidgets */ = {
			isa = PBXNativeTarget;
			buildConfigurationList = A100000E30155EBB003E2C6E /* Build configuration list for PBXNativeTarget "BurthenWidgets" */;
			buildPhases = (
				A100000930155EBB003E2C6E /* Sources */,
				A100000630155EBB003E2C6E /* Frameworks */,
				A100000830155EBB003E2C6E /* Resources */,
			);
			buildRules = (
			);
			dependencies = (
			);
			fileSystemSynchronizedGroups = (
				A100000430155EBB003E2C6E /* BurthenActivityShared */,
				A100000530155EBB003E2C6E /* BurthenWidgets */,
			);
			name = BurthenWidgets;
			packageProductDependencies = (
			);
			productName = BurthenWidgets;
			productReference = A100000330155EBB003E2C6E /* BurthenWidgets.appex */;
			productType = "com.apple.product-type.app-extension";
		};
/* End PBXNativeTarget section */

/* Begin PBXProject section */
		83013A4C30155EBB003E2C6E /* Project object */ = {
			isa = PBXProject;
			attributes = {
				BuildIndependentTargetsInParallel = 1;
				LastSwiftUpdateCheck = 2660;
				LastUpgradeCheck = 2660;
				TargetAttributes = {
					83013A5330155EBB003E2C6E = {
						CreatedOnToolsVersion = 26.6;
					};
					83013A6230155EBD003E2C6E = {
						CreatedOnToolsVersion = 26.6;
						TestTargetID = 83013A5330155EBB003E2C6E;
					};
					83013A6C30155EBD003E2C6E = {
						CreatedOnToolsVersion = 26.6;
						TestTargetID = 83013A5330155EBB003E2C6E;
					};
					A100000730155EBB003E2C6E = {
						CreatedOnToolsVersion = 26.6;
					};
				};
			};
			buildConfigurationList = 83013A4F30155EBB003E2C6E /* Build configuration list for PBXProject "Burthen" */;
			developmentRegion = en;
			hasScannedForEncodings = 0;
			knownRegions = (
				en,
				Base,
			);
			mainGroup = 83013A4B30155EBB003E2C6E;
			minimizedProjectReferenceProxies = 1;
			preferredProjectObjectVersion = 77;
			productRefGroup = 83013A5530155EBB003E2C6E /* Products */;
			projectDirPath = "";
			projectRoot = "";
			targets = (
				83013A5330155EBB003E2C6E /* Burthen */,
				A100000730155EBB003E2C6E /* BurthenWidgets */,
				83013A6230155EBD003E2C6E /* BurthenTests */,
				83013A6C30155EBD003E2C6E /* BurthenUITests */,
			);
		};
/* End PBXProject section */

/* Begin PBXResourcesBuildPhase section */
		83013A5230155EBB003E2C6E /* Resources */ = {
			isa = PBXResourcesBuildPhase;
			buildActionMask = 2147483647;
			files = (
				83F8E980303E43220044BD95 /* BurthenIcon.icon in Resources */,
			);
			runOnlyForDeploymentPostprocessing = 0;
		};
		83013A6130155EBD003E2C6E /* Resources */ = {
			isa = PBXResourcesBuildPhase;
			buildActionMask = 2147483647;
			files = (
			);
			runOnlyForDeploymentPostprocessing = 0;
		};
		83013A6B30155EBD003E2C6E /* Resources */ = {
			isa = PBXResourcesBuildPhase;
			buildActionMask = 2147483647;
			files = (
			);
			runOnlyForDeploymentPostprocessing = 0;
		};
		A100000830155EBB003E2C6E /* Resources */ = {
			isa = PBXResourcesBuildPhase;
			buildActionMask = 2147483647;
			files = (
				83F8E981303E43220044BD95 /* BurthenIcon.icon in Resources */,
			);
			runOnlyForDeploymentPostprocessing = 0;
		};
/* End PBXResourcesBuildPhase section */

/* Begin PBXSourcesBuildPhase section */
		83013A5030155EBB003E2C6E /* Sources */ = {
			isa = PBXSourcesBuildPhase;
			buildActionMask = 2147483647;
			files = (
			);
			runOnlyForDeploymentPostprocessing = 0;
		};
		83013A5F30155EBD003E2C6E /* Sources */ = {
			isa = PBXSourcesBuildPhase;
			buildActionMask = 2147483647;
			files = (
			);
			runOnlyForDeploymentPostprocessing = 0;
		};
		83013A6930155EBD003E2C6E /* Sources */ = {
			isa = PBXSourcesBuildPhase;
			buildActionMask = 2147483647;
			files = (
			);
			runOnlyForDeploymentPostprocessing = 0;
		};
		A100000930155EBB003E2C6E /* Sources */ = {
			isa = PBXSourcesBuildPhase;
			buildActionMask = 2147483647;
			files = (
				A200000130155EBB003E2C6E /* Burthen/DesignSystem/LayoutMetrics.swift in Sources */,
			);
			runOnlyForDeploymentPostprocessing = 0;
		};
/* End PBXSourcesBuildPhase section */

/* Begin PBXTargetDependency section */
		83013A6530155EBD003E2C6E /* PBXTargetDependency */ = {
			isa = PBXTargetDependency;
			target = 83013A5330155EBB003E2C6E /* Burthen */;
			targetProxy = 83013A6430155EBD003E2C6E /* PBXContainerItemProxy */;
		};
		83013A6F30155EBD003E2C6E /* PBXTargetDependency */ = {
			isa = PBXTargetDependency;
			target = 83013A5330155EBB003E2C6E /* Burthen */;
			targetProxy = 83013A6E30155EBD003E2C6E /* PBXContainerItemProxy */;
		};
		A100000A30155EBB003E2C6E /* PBXTargetDependency */ = {
			isa = PBXTargetDependency;
			target = A100000730155EBB003E2C6E /* BurthenWidgets */;
			targetProxy = A100000230155EBB003E2C6E /* PBXContainerItemProxy */;
		};
/* End PBXTargetDependency section */

/* Begin XCBuildConfiguration section */
		83013A7530155EBD003E2C6E /* Debug */ = {
			isa = XCBuildConfiguration;
			buildSettings = {
				ALWAYS_SEARCH_USER_PATHS = NO;
				ASSETCATALOG_COMPILER_GENERATE_SWIFT_ASSET_SYMBOL_EXTENSIONS = YES;
				CLANG_ANALYZER_NONNULL = YES;
				CLANG_ANALYZER_NUMBER_OBJECT_CONVERSION = YES_AGGRESSIVE;
				CLANG_CXX_LANGUAGE_STANDARD = "gnu++20";
				CLANG_ENABLE_MODULES = YES;
				CLANG_ENABLE_OBJC_ARC = YES;
				CLANG_ENABLE_OBJC_WEAK = YES;
				CLANG_WARN_BLOCK_CAPTURE_AUTORELEASING = YES;
				CLANG_WARN_BOOL_CONVERSION = YES;
				CLANG_WARN_COMMA = YES;
				CLANG_WARN_CONSTANT_CONVERSION = YES;
				CLANG_WARN_DEPRECATED_OBJC_IMPLEMENTATIONS = YES;
				CLANG_WARN_DIRECT_OBJC_ISA_USAGE = YES_ERROR;
				CLANG_WARN_DOCUMENTATION_COMMENTS = YES;
				CLANG_WARN_EMPTY_BODY = YES;
				CLANG_WARN_ENUM_CONVERSION = YES;
				CLANG_WARN_INFINITE_RECURSION = YES;
				CLANG_WARN_INT_CONVERSION = YES;
				CLANG_WARN_NON_LITERAL_NULL_CONVERSION = YES;
				CLANG_WARN_OBJC_IMPLICIT_RETAIN_SELF = YES;
				CLANG_WARN_OBJC_LITERAL_CONVERSION = YES;
				CLANG_WARN_OBJC_ROOT_CLASS = YES_ERROR;
				CLANG_WARN_QUOTED_INCLUDE_IN_FRAMEWORK_HEADER = YES;
				CLANG_WARN_RANGE_LOOP_ANALYSIS = YES;
				CLANG_WARN_STRICT_PROTOTYPES = YES;
				CLANG_WARN_SUSPICIOUS_MOVE = YES;
				CLANG_WARN_UNGUARDED_AVAILABILITY = YES_AGGRESSIVE;
				CLANG_WARN_UNREACHABLE_CODE = YES;
				CLANG_WARN__DUPLICATE_METHOD_MATCH = YES;
				COPY_PHASE_STRIP = NO;
				DEBUG_INFORMATION_FORMAT = dwarf;
				DEVELOPMENT_TEAM = H2Q833KX49;
				ENABLE_STRICT_OBJC_MSGSEND = YES;
				ENABLE_TESTABILITY = YES;
				ENABLE_USER_SCRIPT_SANDBOXING = YES;
				GCC_C_LANGUAGE_STANDARD = gnu17;
				GCC_DYNAMIC_NO_PIC = NO;
				GCC_NO_COMMON_BLOCKS = YES;
				GCC_OPTIMIZATION_LEVEL = 0;
				GCC_PREPROCESSOR_DEFINITIONS = (
					"DEBUG=1",
					"$(inherited)",
				);
				GCC_WARN_64_TO_32_BIT_CONVERSION = YES;
				GCC_WARN_ABOUT_RETURN_TYPE = YES_ERROR;
				GCC_WARN_UNDECLARED_SELECTOR = YES;
				GCC_WARN_UNINITIALIZED_AUTOS = YES_AGGRESSIVE;
				GCC_WARN_UNUSED_FUNCTION = YES;
				GCC_WARN_UNUSED_VARIABLE = YES;
				IPHONEOS_DEPLOYMENT_TARGET = 26.5;
				LOCALIZATION_PREFERS_STRING_CATALOGS = YES;
				MTL_ENABLE_DEBUG_INFO = INCLUDE_SOURCE;
				MTL_FAST_MATH = YES;
				ONLY_ACTIVE_ARCH = YES;
				SDKROOT = iphoneos;
				SWIFT_ACTIVE_COMPILATION_CONDITIONS = "DEBUG $(inherited)";
				SWIFT_OPTIMIZATION_LEVEL = "-Onone";
			};
			name = Debug;
		};
		83013A7630155EBD003E2C6E /* Release */ = {
			isa = XCBuildConfiguration;
			buildSettings = {
				ALWAYS_SEARCH_USER_PATHS = NO;
				ASSETCATALOG_COMPILER_GENERATE_SWIFT_ASSET_SYMBOL_EXTENSIONS = YES;
				CLANG_ANALYZER_NONNULL = YES;
				CLANG_ANALYZER_NUMBER_OBJECT_CONVERSION = YES_AGGRESSIVE;
				CLANG_CXX_LANGUAGE_STANDARD = "gnu++20";
				CLANG_ENABLE_MODULES = YES;
				CLANG_ENABLE_OBJC_ARC = YES;
				CLANG_ENABLE_OBJC_WEAK = YES;
				CLANG_WARN_BLOCK_CAPTURE_AUTORELEASING = YES;
				CLANG_WARN_BOOL_CONVERSION = YES;
				CLANG_WARN_COMMA = YES;
				CLANG_WARN_CONSTANT_CONVERSION = YES;
				CLANG_WARN_DEPRECATED_OBJC_IMPLEMENTATIONS = YES;
				CLANG_WARN_DIRECT_OBJC_ISA_USAGE = YES_ERROR;
				CLANG_WARN_DOCUMENTATION_COMMENTS = YES;
				CLANG_WARN_EMPTY_BODY = YES;
				CLANG_WARN_ENUM_CONVERSION = YES;
				CLANG_WARN_INFINITE_RECURSION = YES;
				CLANG_WARN_INT_CONVERSION = YES;
				CLANG_WARN_NON_LITERAL_NULL_CONVERSION = YES;
				CLANG_WARN_OBJC_IMPLICIT_RETAIN_SELF = YES;
				CLANG_WARN_OBJC_LITERAL_CONVERSION = YES;
				CLANG_WARN_OBJC_ROOT_CLASS = YES_ERROR;
				CLANG_WARN_QUOTED_INCLUDE_IN_FRAMEWORK_HEADER = YES;
				CLANG_WARN_RANGE_LOOP_ANALYSIS = YES;
				CLANG_WARN_STRICT_PROTOTYPES = YES;
				CLANG_WARN_SUSPICIOUS_MOVE = YES;
				CLANG_WARN_UNGUARDED_AVAILABILITY = YES_AGGRESSIVE;
				CLANG_WARN_UNREACHABLE_CODE = YES;
				CLANG_WARN__DUPLICATE_METHOD_MATCH = YES;
				COPY_PHASE_STRIP = NO;
				DEBUG_INFORMATION_FORMAT = "dwarf-with-dsym";
				DEVELOPMENT_TEAM = H2Q833KX49;
				ENABLE_NS_ASSERTIONS = NO;
				ENABLE_STRICT_OBJC_MSGSEND = YES;
				ENABLE_USER_SCRIPT_SANDBOXING = YES;
				GCC_C_LANGUAGE_STANDARD = gnu17;
				GCC_NO_COMMON_BLOCKS = YES;
				GCC_WARN_64_TO_32_BIT_CONVERSION = YES;
				GCC_WARN_ABOUT_RETURN_TYPE = YES_ERROR;
				GCC_WARN_UNDECLARED_SELECTOR = YES;
				GCC_WARN_UNINITIALIZED_AUTOS = YES_AGGRESSIVE;
				GCC_WARN_UNUSED_FUNCTION = YES;
				GCC_WARN_UNUSED_VARIABLE = YES;
				IPHONEOS_DEPLOYMENT_TARGET = 26.5;
				LOCALIZATION_PREFERS_STRING_CATALOGS = YES;
				MTL_ENABLE_DEBUG_INFO = NO;
				MTL_FAST_MATH = YES;
				SDKROOT = iphoneos;
				SWIFT_COMPILATION_MODE = wholemodule;
				VALIDATE_PRODUCT = YES;
			};
			name = Release;
		};
		83013A7830155EBD003E2C6E /* Debug */ = {
			isa = XCBuildConfiguration;
			buildSettings = {
				ASSETCATALOG_COMPILER_APPICON_NAME = BurthenIcon;
				ASSETCATALOG_COMPILER_GLOBAL_ACCENT_COLOR_NAME = AccentColor;
				CODE_SIGN_STYLE = Automatic;
				CURRENT_PROJECT_VERSION = 1;
				DEVELOPMENT_TEAM = H2Q833KX49;
				ENABLE_PREVIEWS = YES;
				GENERATE_INFOPLIST_FILE = YES;
				INFOPLIST_KEY_ITSAppUsesNonExemptEncryption = NO;
				INFOPLIST_KEY_LSApplicationCategoryType = "public.app-category.healthcare-fitness";
				INFOPLIST_KEY_NSSupportsLiveActivities = YES;
				INFOPLIST_KEY_UIApplicationSceneManifest_Generation = YES;
				INFOPLIST_KEY_UIApplicationSupportsIndirectInputEvents = YES;
				INFOPLIST_KEY_UILaunchScreen_Generation = YES;
				INFOPLIST_KEY_UISupportedInterfaceOrientations_iPad = "UIInterfaceOrientationPortrait UIInterfaceOrientationPortraitUpsideDown UIInterfaceOrientationLandscapeLeft UIInterfaceOrientationLandscapeRight";
				INFOPLIST_KEY_UISupportedInterfaceOrientations_iPhone = "UIInterfaceOrientationPortrait UIInterfaceOrientationLandscapeLeft UIInterfaceOrientationLandscapeRight";
				IPHONEOS_DEPLOYMENT_TARGET = 26.0;
				LD_RUNPATH_SEARCH_PATHS = (
					"$(inherited)",
					"@executable_path/Frameworks",
				);
				MARKETING_VERSION = 1.0;
				PRODUCT_BUNDLE_IDENTIFIER = com.mattbolanos.Burthen;
				PRODUCT_NAME = Burthen;
				STRING_CATALOG_GENERATE_SYMBOLS = YES;
				SWIFT_APPROACHABLE_CONCURRENCY = YES;
				SWIFT_DEFAULT_ACTOR_ISOLATION = MainActor;
				SWIFT_EMIT_LOC_STRINGS = YES;
				SWIFT_UPCOMING_FEATURE_MEMBER_IMPORT_VISIBILITY = YES;
				SWIFT_VERSION = 5.0;
				TARGETED_DEVICE_FAMILY = "1,2";
			};
			name = Debug;
		};
		83013A7930155EBD003E2C6E /* Release */ = {
			isa = XCBuildConfiguration;
			buildSettings = {
				ASSETCATALOG_COMPILER_APPICON_NAME = BurthenIcon;
				ASSETCATALOG_COMPILER_GLOBAL_ACCENT_COLOR_NAME = AccentColor;
				CODE_SIGN_STYLE = Automatic;
				CURRENT_PROJECT_VERSION = 1;
				DEVELOPMENT_TEAM = H2Q833KX49;
				ENABLE_PREVIEWS = YES;
				GENERATE_INFOPLIST_FILE = YES;
				INFOPLIST_KEY_ITSAppUsesNonExemptEncryption = NO;
				INFOPLIST_KEY_LSApplicationCategoryType = "public.app-category.healthcare-fitness";
				INFOPLIST_KEY_NSSupportsLiveActivities = YES;
				INFOPLIST_KEY_UIApplicationSceneManifest_Generation = YES;
				INFOPLIST_KEY_UIApplicationSupportsIndirectInputEvents = YES;
				INFOPLIST_KEY_UILaunchScreen_Generation = YES;
				INFOPLIST_KEY_UISupportedInterfaceOrientations_iPad = "UIInterfaceOrientationPortrait UIInterfaceOrientationPortraitUpsideDown UIInterfaceOrientationLandscapeLeft UIInterfaceOrientationLandscapeRight";
				INFOPLIST_KEY_UISupportedInterfaceOrientations_iPhone = "UIInterfaceOrientationPortrait UIInterfaceOrientationLandscapeLeft UIInterfaceOrientationLandscapeRight";
				IPHONEOS_DEPLOYMENT_TARGET = 26.0;
				LD_RUNPATH_SEARCH_PATHS = (
					"$(inherited)",
					"@executable_path/Frameworks",
				);
				MARKETING_VERSION = 1.0;
				PRODUCT_BUNDLE_IDENTIFIER = com.mattbolanos.Burthen;
				PRODUCT_NAME = Burthen;
				STRING_CATALOG_GENERATE_SYMBOLS = YES;
				SWIFT_APPROACHABLE_CONCURRENCY = YES;
				SWIFT_DEFAULT_ACTOR_ISOLATION = MainActor;
				SWIFT_EMIT_LOC_STRINGS = YES;
				SWIFT_UPCOMING_FEATURE_MEMBER_IMPORT_VISIBILITY = YES;
				SWIFT_VERSION = 5.0;
				TARGETED_DEVICE_FAMILY = "1,2";
			};
			name = Release;
		};
		83013A7B30155EBD003E2C6E /* Debug */ = {
			isa = XCBuildConfiguration;
			buildSettings = {
				BUNDLE_LOADER = "$(TEST_HOST)";
				CODE_SIGN_STYLE = Automatic;
				CURRENT_PROJECT_VERSION = 1;
				DEVELOPMENT_TEAM = H2Q833KX49;
				GENERATE_INFOPLIST_FILE = YES;
				IPHONEOS_DEPLOYMENT_TARGET = 26.5;
				MARKETING_VERSION = 1.0;
				PRODUCT_BUNDLE_IDENTIFIER = com.mattbolanos.BurthenTests;
				PRODUCT_NAME = "$(TARGET_NAME)";
				STRING_CATALOG_GENERATE_SYMBOLS = NO;
				SWIFT_APPROACHABLE_CONCURRENCY = YES;
				SWIFT_EMIT_LOC_STRINGS = NO;
				SWIFT_UPCOMING_FEATURE_MEMBER_IMPORT_VISIBILITY = YES;
				SWIFT_VERSION = 5.0;
				TARGETED_DEVICE_FAMILY = "1,2";
				TEST_HOST = "$(BUILT_PRODUCTS_DIR)/Burthen.app/$(BUNDLE_EXECUTABLE_FOLDER_PATH)/Burthen";
			};
			name = Debug;
		};
		83013A7C30155EBD003E2C6E /* Release */ = {
			isa = XCBuildConfiguration;
			buildSettings = {
				BUNDLE_LOADER = "$(TEST_HOST)";
				CODE_SIGN_STYLE = Automatic;
				CURRENT_PROJECT_VERSION = 1;
				DEVELOPMENT_TEAM = H2Q833KX49;
				GENERATE_INFOPLIST_FILE = YES;
				IPHONEOS_DEPLOYMENT_TARGET = 26.5;
				MARKETING_VERSION = 1.0;
				PRODUCT_BUNDLE_IDENTIFIER = com.mattbolanos.BurthenTests;
				PRODUCT_NAME = "$(TARGET_NAME)";
				STRING_CATALOG_GENERATE_SYMBOLS = NO;
				SWIFT_APPROACHABLE_CONCURRENCY = YES;
				SWIFT_EMIT_LOC_STRINGS = NO;
				SWIFT_UPCOMING_FEATURE_MEMBER_IMPORT_VISIBILITY = YES;
				SWIFT_VERSION = 5.0;
				TARGETED_DEVICE_FAMILY = "1,2";
				TEST_HOST = "$(BUILT_PRODUCTS_DIR)/Burthen.app/$(BUNDLE_EXECUTABLE_FOLDER_PATH)/Burthen";
			};
			name = Release;
		};
		83013A7E30155EBD003E2C6E /* Debug */ = {
			isa = XCBuildConfiguration;
			buildSettings = {
				CODE_SIGN_STYLE = Automatic;
				CURRENT_PROJECT_VERSION = 1;
				DEVELOPMENT_TEAM = H2Q833KX49;
				GENERATE_INFOPLIST_FILE = YES;
				MARKETING_VERSION = 1.0;
				PRODUCT_BUNDLE_IDENTIFIER = com.mattbolanos.BurthenUITests;
				PRODUCT_NAME = "$(TARGET_NAME)";
				STRING_CATALOG_GENERATE_SYMBOLS = NO;
				SWIFT_APPROACHABLE_CONCURRENCY = YES;
				SWIFT_EMIT_LOC_STRINGS = NO;
				SWIFT_UPCOMING_FEATURE_MEMBER_IMPORT_VISIBILITY = YES;
				SWIFT_VERSION = 5.0;
				TARGETED_DEVICE_FAMILY = "1,2";
				TEST_TARGET_NAME = Burthen;
			};
			name = Debug;
		};
		83013A7F30155EBD003E2C6E /* Release */ = {
			isa = XCBuildConfiguration;
			buildSettings = {
				CODE_SIGN_STYLE = Automatic;
				CURRENT_PROJECT_VERSION = 1;
				DEVELOPMENT_TEAM = H2Q833KX49;
				GENERATE_INFOPLIST_FILE = YES;
				MARKETING_VERSION = 1.0;
				PRODUCT_BUNDLE_IDENTIFIER = com.mattbolanos.BurthenUITests;
				PRODUCT_NAME = "$(TARGET_NAME)";
				STRING_CATALOG_GENERATE_SYMBOLS = NO;
				SWIFT_APPROACHABLE_CONCURRENCY = YES;
				SWIFT_EMIT_LOC_STRINGS = NO;
				SWIFT_UPCOMING_FEATURE_MEMBER_IMPORT_VISIBILITY = YES;
				SWIFT_VERSION = 5.0;
				TARGETED_DEVICE_FAMILY = "1,2";
				TEST_TARGET_NAME = Burthen;
			};
			name = Release;
		};
		A100000C30155EBB003E2C6E /* Debug */ = {
			isa = XCBuildConfiguration;
			buildSettings = {
				APPLICATION_EXTENSION_API_ONLY = YES;
				CODE_SIGN_STYLE = Automatic;
				CURRENT_PROJECT_VERSION = 1;
				DEVELOPMENT_TEAM = H2Q833KX49;
				ENABLE_PREVIEWS = YES;
				GENERATE_INFOPLIST_FILE = NO;
				INFOPLIST_FILE = "BurthenWidgets-Info.plist";
				IPHONEOS_DEPLOYMENT_TARGET = 26.0;
				LD_RUNPATH_SEARCH_PATHS = (
					"$(inherited)",
					"@executable_path/Frameworks",
					"@executable_path/../../Frameworks",
				);
				MARKETING_VERSION = 1.0;
				PRODUCT_BUNDLE_IDENTIFIER = com.mattbolanos.Burthen.BurthenWidgets;
				PRODUCT_NAME = "$(TARGET_NAME)";
				SKIP_INSTALL = YES;
				STRING_CATALOG_GENERATE_SYMBOLS = YES;
				SUPPORTS_MACCATALYST = NO;
				SWIFT_APPROACHABLE_CONCURRENCY = YES;
				SWIFT_DEFAULT_ACTOR_ISOLATION = MainActor;
				SWIFT_EMIT_LOC_STRINGS = YES;
				SWIFT_UPCOMING_FEATURE_MEMBER_IMPORT_VISIBILITY = YES;
				SWIFT_VERSION = 5.0;
				TARGETED_DEVICE_FAMILY = "1,2";
			};
			name = Debug;
		};
		A100000D30155EBB003E2C6E /* Release */ = {
			isa = XCBuildConfiguration;
			buildSettings = {
				APPLICATION_EXTENSION_API_ONLY = YES;
				CODE_SIGN_STYLE = Automatic;
				CURRENT_PROJECT_VERSION = 1;
				DEVELOPMENT_TEAM = H2Q833KX49;
				ENABLE_PREVIEWS = YES;
				GENERATE_INFOPLIST_FILE = NO;
				INFOPLIST_FILE = "BurthenWidgets-Info.plist";
				IPHONEOS_DEPLOYMENT_TARGET = 26.0;
				LD_RUNPATH_SEARCH_PATHS = (
					"$(inherited)",
					"@executable_path/Frameworks",
					"@executable_path/../../Frameworks",
				);
				MARKETING_VERSION = 1.0;
				PRODUCT_BUNDLE_IDENTIFIER = com.mattbolanos.Burthen.BurthenWidgets;
				PRODUCT_NAME = "$(TARGET_NAME)";
				SKIP_INSTALL = YES;
				STRING_CATALOG_GENERATE_SYMBOLS = YES;
				SUPPORTS_MACCATALYST = NO;
				SWIFT_APPROACHABLE_CONCURRENCY = YES;
				SWIFT_DEFAULT_ACTOR_ISOLATION = MainActor;
				SWIFT_EMIT_LOC_STRINGS = YES;
				SWIFT_UPCOMING_FEATURE_MEMBER_IMPORT_VISIBILITY = YES;
				SWIFT_VERSION = 5.0;
				TARGETED_DEVICE_FAMILY = "1,2";
			};
			name = Release;
		};
/* End XCBuildConfiguration section */

/* Begin XCConfigurationList section */
		83013A4F30155EBB003E2C6E /* Build configuration list for PBXProject "Burthen" */ = {
			isa = XCConfigurationList;
			buildConfigurations = (
				83013A7530155EBD003E2C6E /* Debug */,
				83013A7630155EBD003E2C6E /* Release */,
			);
			defaultConfigurationIsVisible = 0;
			defaultConfigurationName = Release;
		};
		83013A7730155EBD003E2C6E /* Build configuration list for PBXNativeTarget "Burthen" */ = {
			isa = XCConfigurationList;
			buildConfigurations = (
				83013A7830155EBD003E2C6E /* Debug */,
				83013A7930155EBD003E2C6E /* Release */,
			);
			defaultConfigurationIsVisible = 0;
			defaultConfigurationName = Release;
		};
		83013A7A30155EBD003E2C6E /* Build configuration list for PBXNativeTarget "BurthenTests" */ = {
			isa = XCConfigurationList;
			buildConfigurations = (
				83013A7B30155EBD003E2C6E /* Debug */,
				83013A7C30155EBD003E2C6E /* Release */,
			);
			defaultConfigurationIsVisible = 0;
			defaultConfigurationName = Release;
		};
		83013A7D30155EBD003E2C6E /* Build configuration list for PBXNativeTarget "BurthenUITests" */ = {
			isa = XCConfigurationList;
			buildConfigurations = (
				83013A7E30155EBD003E2C6E /* Debug */,
				83013A7F30155EBD003E2C6E /* Release */,
			);
			defaultConfigurationIsVisible = 0;
			defaultConfigurationName = Release;
		};
		A100000E30155EBB003E2C6E /* Build configuration list for PBXNativeTarget "BurthenWidgets" */ = {
			isa = XCConfigurationList;
			buildConfigurations = (
				A100000C30155EBB003E2C6E /* Debug */,
				A100000D30155EBB003E2C6E /* Release */,
			);
			defaultConfigurationIsVisible = 0;
			defaultConfigurationName = Release;
		};
/* End XCConfigurationList section */
	};
	rootObject = 83013A4C30155EBB003E2C6E /* Project object */;
}
